
Microsoft Visual Studio Solution File, Format Version 12.00
# Visual Studio 2013
VisualStudioVersion = 12.0.30723.0
MinimumVisualStudioVersion = 10.0.40219.1
Project("{FAE04EC0-301F-11D3-BF4B-00C04F79EFBC}") = "MyCompany.Security", "MyCompany.Security.csproj", "{A05FC170-D519-4C30-A86C-BA6AB372813C}"
EndProject
Global
	GlobalSection(SolutionConfigurationPlatforms) = preSolution
		Debug|Any CPU = Debug|Any CPU
		Release|Any CPU = Release|Any CPU
	EndGlobalSection
	GlobalSection(ProjectConfigurationPlatforms) = postSolution
		{A05FC170-D519-4C30-A86C-BA6AB372813C}.Debug|Any CPU.ActiveCfg = Debug|Any CPU
		{A05FC170-D519-4C30-A86C-BA6AB372813C}.Debug|Any CPU.Build.0 = Debug|Any CPU
		{A05FC170-D519-4C30-A86C-BA6AB372813C}.Release|Any CPU.ActiveCfg = Release|Any CPU
		{A05FC170-D519-4C30-A86C-BA6AB372813C}.Release|Any CPU.Build.0 = Release|Any CPU
	EndGlobalSection
	GlobalSection(SolutionProperties) = preSolution
		HideSolutionNode = FALSE
	EndGlobalSection
EndGlobal
